#MicroXplorer Configuration settings - do not modify
ADC1.Channel-3\#ChannelRegularConversion=ADC_CHANNEL_14
ADC1.Channel-5\#ChannelRegularConversion=ADC_CHANNEL_16
ADC1.ClockPrescaler=ADC_CLOCK_ASYNC_DIV1
ADC1.ContinuousConvMode=ENABLE
ADC1.ConversionDataManagement=ADC_CONVERSIONDATA_DMA_CIRCULAR
ADC1.DiscontinuousConvMode=DISABLE
ADC1.EnableInjectedConversion=ENABLE
ADC1.ExternalTrigInjecConv=ADC_EXTERNALTRIGINJEC_T1_TRGO
ADC1.IPParameters=Rank-3\#ChannelRegularConversion,Channel-3\#ChannelRegularConversion,SamplingTime-3\#ChannelRegularConversion,OffsetNumber-3\#ChannelRegularConversion,OffsetSignedSaturation-3\#ChannelRegularConversion,NbrOfConversionFlag,ClockPrescaler,EnableInjectedConversion,InjectedRank-4\#ChannelInjectedConversion,InjectedChannel-4\#ChannelInjectedConversion,InjectedSamplingTime-4\#ChannelInjectedConversion,InjectedOffsetNumber-4\#ChannelInjectedConversion,InjectedOffsetSignedSaturation-4\#ChannelInjectedConversion,InjectedOffsetSaturation-4\#ChannelInjectedConversion,InjNumberOfConversion,ExternalTrigInjecConv,master,Rank-5\#ChannelRegularConversion,Channel-5\#ChannelRegularConversion,SamplingTime-5\#ChannelRegularConversion,OffsetNumber-5\#ChannelRegularConversion,OffsetSignedSaturation-5\#ChannelRegularConversion,NbrOfConversion,ConversionDataManagement,ContinuousConvMode,DiscontinuousConvMode,NbrOfDiscConversion
ADC1.InjNumberOfConversion=1
ADC1.InjectedChannel-4\#ChannelInjectedConversion=ADC_CHANNEL_10
ADC1.InjectedOffsetNumber-4\#ChannelInjectedConversion=ADC_OFFSET_NONE
ADC1.InjectedOffsetSaturation-4\#ChannelInjectedConversion=DISABLE
ADC1.InjectedOffsetSignedSaturation-4\#ChannelInjectedConversion=DISABLE
ADC1.InjectedRank-4\#ChannelInjectedConversion=1
ADC1.InjectedSamplingTime-4\#ChannelInjectedConversion=ADC_SAMPLETIME_2CYCLES_5
ADC1.NbrOfConversion=2
ADC1.NbrOfConversionFlag=1
ADC1.NbrOfDiscConversion=2
ADC1.OffsetNumber-3\#ChannelRegularConversion=ADC_OFFSET_NONE
ADC1.OffsetNumber-5\#ChannelRegularConversion=ADC_OFFSET_NONE
ADC1.OffsetSignedSaturation-3\#ChannelRegularConversion=DISABLE
ADC1.OffsetSignedSaturation-5\#ChannelRegularConversion=DISABLE
ADC1.Rank-3\#ChannelRegularConversion=1
ADC1.Rank-5\#ChannelRegularConversion=2
ADC1.SamplingTime-3\#ChannelRegularConversion=ADC_SAMPLETIME_2CYCLES_5
ADC1.SamplingTime-5\#ChannelRegularConversion=ADC_SAMPLETIME_2CYCLES_5
ADC1.master=1
ADC2.Channel-2\#ChannelRegularConversion=ADC_CHANNEL_15
ADC2.Channel-3\#ChannelRegularConversion=ADC_CHANNEL_4
ADC2.ContinuousConvMode=ENABLE
ADC2.ConversionDataManagement=ADC_CONVERSIONDATA_DMA_CIRCULAR
ADC2.DiscontinuousConvMode=DISABLE
ADC2.EnableInjectedConversion=ENABLE
ADC2.ExternalTrigInjecConv=ADC_EXTERNALTRIGINJEC_T1_TRGO
ADC2.IPParameters=Rank-2\#ChannelRegularConversion,Channel-2\#ChannelRegularConversion,SamplingTime-2\#ChannelRegularConversion,OffsetNumber-2\#ChannelRegularConversion,OffsetSignedSaturation-2\#ChannelRegularConversion,NbrOfConversionFlag,Rank-3\#ChannelRegularConversion,Channel-3\#ChannelRegularConversion,SamplingTime-3\#ChannelRegularConversion,OffsetNumber-3\#ChannelRegularConversion,OffsetSignedSaturation-3\#ChannelRegularConversion,NbrOfConversion,EnableInjectedConversion,InjectedRank-4\#ChannelInjectedConversion,InjectedChannel-4\#ChannelInjectedConversion,InjectedSamplingTime-4\#ChannelInjectedConversion,InjectedOffsetNumber-4\#ChannelInjectedConversion,InjectedOffsetSignedSaturation-4\#ChannelInjectedConversion,InjectedOffsetSaturation-4\#ChannelInjectedConversion,InjNumberOfConversion,ExternalTrigInjecConv,ConversionDataManagement,DiscontinuousConvMode,ContinuousConvMode,NbrOfDiscConversion
ADC2.InjNumberOfConversion=1
ADC2.InjectedChannel-4\#ChannelInjectedConversion=ADC_CHANNEL_11
ADC2.InjectedOffsetNumber-4\#ChannelInjectedConversion=ADC_OFFSET_NONE
ADC2.InjectedOffsetSaturation-4\#ChannelInjectedConversion=DISABLE
ADC2.InjectedOffsetSignedSaturation-4\#ChannelInjectedConversion=DISABLE
ADC2.InjectedRank-4\#ChannelInjectedConversion=1
ADC2.InjectedSamplingTime-4\#ChannelInjectedConversion=ADC_SAMPLETIME_2CYCLES_5
ADC2.NbrOfConversion=2
ADC2.NbrOfConversionFlag=1
ADC2.NbrOfDiscConversion=2
ADC2.OffsetNumber-2\#ChannelRegularConversion=ADC_OFFSET_NONE
ADC2.OffsetNumber-3\#ChannelRegularConversion=ADC_OFFSET_NONE
ADC2.OffsetSignedSaturation-2\#ChannelRegularConversion=DISABLE
ADC2.OffsetSignedSaturation-3\#ChannelRegularConversion=DISABLE
ADC2.Rank-2\#ChannelRegularConversion=1
ADC2.Rank-3\#ChannelRegularConversion=2
ADC2.SamplingTime-2\#ChannelRegularConversion=ADC_SAMPLETIME_387CYCLES_5
ADC2.SamplingTime-3\#ChannelRegularConversion=ADC_SAMPLETIME_2CYCLES_5
ADC3.Channel-3\#ChannelRegularConversion=ADC_CHANNEL_TEMPSENSOR
ADC3.Channel-4\#ChannelRegularConversion=ADC_CHANNEL_1
ADC3.ClockPrescaler=ADC_CLOCK_ASYNC_DIV1
ADC3.ContinuousConvMode=ENABLE
ADC3.ConversionDataManagement=ADC_CONVERSIONDATA_DMA_CIRCULAR
ADC3.DiscontinuousConvMode=DISABLE
ADC3.EnableInjectedConversion=ENABLE
ADC3.ExternalTrigInjecConv=ADC_EXTERNALTRIGINJEC_T1_TRGO
ADC3.IPParameters=Rank-3\#ChannelRegularConversion,Channel-3\#ChannelRegularConversion,SamplingTime-3\#ChannelRegularConversion,OffsetNumber-3\#ChannelRegularConversion,OffsetSignedSaturation-3\#ChannelRegularConversion,NbrOfConversionFlag,ClockPrescaler,Rank-4\#ChannelRegularConversion,Channel-4\#ChannelRegularConversion,SamplingTime-4\#ChannelRegularConversion,OffsetNumber-4\#ChannelRegularConversion,OffsetSignedSaturation-4\#ChannelRegularConversion,NbrOfConversion,EnableInjectedConversion,InjectedRank-5\#ChannelInjectedConversion,InjectedChannel-5\#ChannelInjectedConversion,InjectedSamplingTime-5\#ChannelInjectedConversion,InjectedOffsetNumber-5\#ChannelInjectedConversion,InjectedOffsetSignedSaturation-5\#ChannelInjectedConversion,InjectedOffsetSaturation-5\#ChannelInjectedConversion,InjNumberOfConversion,ExternalTrigInjecConv,ConversionDataManagement,DiscontinuousConvMode,ContinuousConvMode,NbrOfDiscConversion
ADC3.InjNumberOfConversion=1
ADC3.InjectedChannel-5\#ChannelInjectedConversion=ADC_CHANNEL_0
ADC3.InjectedOffsetNumber-5\#ChannelInjectedConversion=ADC_OFFSET_NONE
ADC3.InjectedOffsetSaturation-5\#ChannelInjectedConversion=DISABLE
ADC3.InjectedOffsetSignedSaturation-5\#ChannelInjectedConversion=DISABLE
ADC3.InjectedRank-5\#ChannelInjectedConversion=1
ADC3.InjectedSamplingTime-5\#ChannelInjectedConversion=ADC_SAMPLETIME_2CYCLES_5
ADC3.NbrOfConversion=2
ADC3.NbrOfConversionFlag=1
ADC3.NbrOfDiscConversion=2
ADC3.OffsetNumber-3\#ChannelRegularConversion=ADC_OFFSET_NONE
ADC3.OffsetNumber-4\#ChannelRegularConversion=ADC_OFFSET_NONE
ADC3.OffsetSignedSaturation-3\#ChannelRegularConversion=DISABLE
ADC3.OffsetSignedSaturation-4\#ChannelRegularConversion=DISABLE
ADC3.Rank-3\#ChannelRegularConversion=1
ADC3.Rank-4\#ChannelRegularConversion=2
ADC3.SamplingTime-3\#ChannelRegularConversion=ADC_SAMPLETIME_810CYCLES_5
ADC3.SamplingTime-4\#ChannelRegularConversion=ADC_SAMPLETIME_387CYCLES_5
CAD.formats=[]
CAD.pinconfig=Dual
CAD.provider=
CORTEX_M7.IPParameters=default_mode_Activation
CORTEX_M7.default_mode_Activation=0
CRC.IPParameters=InputDataFormat
CRC.InputDataFormat=CRC_INPUTDATA_FORMAT_WORDS
Dma.ADC1.10.Direction=DMA_PERIPH_TO_MEMORY
Dma.ADC1.10.EventEnable=DISABLE
Dma.ADC1.10.FIFOMode=DMA_FIFOMODE_DISABLE
Dma.ADC1.10.Instance=DMA2_Stream4
Dma.ADC1.10.MemDataAlignment=DMA_MDATAALIGN_HALFWORD
Dma.ADC1.10.MemInc=DMA_MINC_ENABLE
Dma.ADC1.10.Mode=DMA_CIRCULAR
Dma.ADC1.10.PeriphDataAlignment=DMA_PDATAALIGN_HALFWORD
Dma.ADC1.10.PeriphInc=DMA_PINC_DISABLE
Dma.ADC1.10.Polarity=HAL_DMAMUX_REQ_GEN_RISING
Dma.ADC1.10.Priority=DMA_PRIORITY_MEDIUM
Dma.ADC1.10.RequestNumber=1
Dma.ADC1.10.RequestParameters=Instance,Direction,PeriphInc,MemInc,PeriphDataAlignment,MemDataAlignment,Mode,Priority,FIFOMode,SignalID,Polarity,RequestNumber,SyncSignalID,SyncPolarity,SyncEnable,EventEnable,SyncRequestNumber
Dma.ADC1.10.SignalID=NONE
Dma.ADC1.10.SyncEnable=DISABLE
Dma.ADC1.10.SyncPolarity=HAL_DMAMUX_SYNC_NO_EVENT
Dma.ADC1.10.SyncRequestNumber=1
Dma.ADC1.10.SyncSignalID=NONE
Dma.ADC2.11.Direction=DMA_PERIPH_TO_MEMORY
Dma.ADC2.11.EventEnable=DISABLE
Dma.ADC2.11.FIFOMode=DMA_FIFOMODE_DISABLE
Dma.ADC2.11.Instance=DMA2_Stream5
Dma.ADC2.11.MemDataAlignment=DMA_MDATAALIGN_HALFWORD
Dma.ADC2.11.MemInc=DMA_MINC_ENABLE
Dma.ADC2.11.Mode=DMA_CIRCULAR
Dma.ADC2.11.PeriphDataAlignment=DMA_PDATAALIGN_HALFWORD
Dma.ADC2.11.PeriphInc=DMA_PINC_DISABLE
Dma.ADC2.11.Polarity=HAL_DMAMUX_REQ_GEN_RISING
Dma.ADC2.11.Priority=DMA_PRIORITY_MEDIUM
Dma.ADC2.11.RequestNumber=1
Dma.ADC2.11.RequestParameters=Instance,Direction,PeriphInc,MemInc,PeriphDataAlignment,MemDataAlignment,Mode,Priority,FIFOMode,SignalID,Polarity,RequestNumber,SyncSignalID,SyncPolarity,SyncEnable,EventEnable,SyncRequestNumber
Dma.ADC2.11.SignalID=NONE
Dma.ADC2.11.SyncEnable=DISABLE
Dma.ADC2.11.SyncPolarity=HAL_DMAMUX_SYNC_NO_EVENT
Dma.ADC2.11.SyncRequestNumber=1
Dma.ADC2.11.SyncSignalID=NONE
Dma.ADC3.12.Direction=DMA_PERIPH_TO_MEMORY
Dma.ADC3.12.EventEnable=DISABLE
Dma.ADC3.12.FIFOMode=DMA_FIFOMODE_DISABLE
Dma.ADC3.12.Instance=DMA2_Stream6
Dma.ADC3.12.MemDataAlignment=DMA_MDATAALIGN_HALFWORD
Dma.ADC3.12.MemInc=DMA_MINC_ENABLE
Dma.ADC3.12.Mode=DMA_CIRCULAR
Dma.ADC3.12.PeriphDataAlignment=DMA_PDATAALIGN_HALFWORD
Dma.ADC3.12.PeriphInc=DMA_PINC_DISABLE
Dma.ADC3.12.Polarity=HAL_DMAMUX_REQ_GEN_RISING
Dma.ADC3.12.Priority=DMA_PRIORITY_MEDIUM
Dma.ADC3.12.RequestNumber=1
Dma.ADC3.12.RequestParameters=Instance,Direction,PeriphInc,MemInc,PeriphDataAlignment,MemDataAlignment,Mode,Priority,FIFOMode,SignalID,Polarity,RequestNumber,SyncSignalID,SyncPolarity,SyncEnable,EventEnable,SyncRequestNumber
Dma.ADC3.12.SignalID=NONE
Dma.ADC3.12.SyncEnable=DISABLE
Dma.ADC3.12.SyncPolarity=HAL_DMAMUX_SYNC_NO_EVENT
Dma.ADC3.12.SyncRequestNumber=1
Dma.ADC3.12.SyncSignalID=NONE
Dma.Request0=UART4_RX
Dma.Request1=UART4_TX
Dma.Request10=ADC1
Dma.Request11=ADC2
Dma.Request12=ADC3
Dma.Request2=SPI1_RX
Dma.Request3=SPI1_TX
Dma.Request4=UART8_RX
Dma.Request5=UART8_TX
Dma.Request6=SPI2_RX
Dma.Request7=SPI2_TX
Dma.Request8=USART2_RX
Dma.Request9=USART2_TX
Dma.RequestsNb=13
Dma.SPI1_RX.2.Direction=DMA_PERIPH_TO_MEMORY
Dma.SPI1_RX.2.EventEnable=DISABLE
Dma.SPI1_RX.2.FIFOMode=DMA_FIFOMODE_DISABLE
Dma.SPI1_RX.2.Instance=DMA1_Stream2
Dma.SPI1_RX.2.MemDataAlignment=DMA_MDATAALIGN_BYTE
Dma.SPI1_RX.2.MemInc=DMA_MINC_ENABLE
Dma.SPI1_RX.2.Mode=DMA_NORMAL
Dma.SPI1_RX.2.PeriphDataAlignment=DMA_PDATAALIGN_BYTE
Dma.SPI1_RX.2.PeriphInc=DMA_PINC_DISABLE
Dma.SPI1_RX.2.Polarity=HAL_DMAMUX_REQ_GEN_RISING
Dma.SPI1_RX.2.Priority=DMA_PRIORITY_VERY_HIGH
Dma.SPI1_RX.2.RequestNumber=1
Dma.SPI1_RX.2.RequestParameters=Instance,Direction,PeriphInc,MemInc,PeriphDataAlignment,MemDataAlignment,Mode,Priority,FIFOMode,SignalID,Polarity,RequestNumber,SyncSignalID,SyncPolarity,SyncEnable,EventEnable,SyncRequestNumber
Dma.SPI1_RX.2.SignalID=NONE
Dma.SPI1_RX.2.SyncEnable=DISABLE
Dma.SPI1_RX.2.SyncPolarity=HAL_DMAMUX_SYNC_NO_EVENT
Dma.SPI1_RX.2.SyncRequestNumber=1
Dma.SPI1_RX.2.SyncSignalID=NONE
Dma.SPI1_TX.3.Direction=DMA_MEMORY_TO_PERIPH
Dma.SPI1_TX.3.EventEnable=DISABLE
Dma.SPI1_TX.3.FIFOMode=DMA_FIFOMODE_DISABLE
Dma.SPI1_TX.3.Instance=DMA1_Stream3
Dma.SPI1_TX.3.MemDataAlignment=DMA_MDATAALIGN_BYTE
Dma.SPI1_TX.3.MemInc=DMA_MINC_ENABLE
Dma.SPI1_TX.3.Mode=DMA_NORMAL
Dma.SPI1_TX.3.PeriphDataAlignment=DMA_PDATAALIGN_BYTE
Dma.SPI1_TX.3.PeriphInc=DMA_PINC_DISABLE
Dma.SPI1_TX.3.Polarity=HAL_DMAMUX_REQ_GEN_RISING
Dma.SPI1_TX.3.Priority=DMA_PRIORITY_VERY_HIGH
Dma.SPI1_TX.3.RequestNumber=1
Dma.SPI1_TX.3.RequestParameters=Instance,Direction,PeriphInc,MemInc,PeriphDataAlignment,MemDataAlignment,Mode,Priority,FIFOMode,SignalID,Polarity,RequestNumber,SyncSignalID,SyncPolarity,SyncEnable,EventEnable,SyncRequestNumber
Dma.SPI1_TX.3.SignalID=NONE
Dma.SPI1_TX.3.SyncEnable=DISABLE
Dma.SPI1_TX.3.SyncPolarity=HAL_DMAMUX_SYNC_NO_EVENT
Dma.SPI1_TX.3.SyncRequestNumber=1
Dma.SPI1_TX.3.SyncSignalID=NONE
Dma.SPI2_RX.6.Direction=DMA_PERIPH_TO_MEMORY
Dma.SPI2_RX.6.EventEnable=DISABLE
Dma.SPI2_RX.6.FIFOMode=DMA_FIFOMODE_DISABLE
Dma.SPI2_RX.6.Instance=DMA2_Stream2
Dma.SPI2_RX.6.MemDataAlignment=DMA_MDATAALIGN_BYTE
Dma.SPI2_RX.6.MemInc=DMA_MINC_ENABLE
Dma.SPI2_RX.6.Mode=DMA_NORMAL
Dma.SPI2_RX.6.PeriphDataAlignment=DMA_PDATAALIGN_BYTE
Dma.SPI2_RX.6.PeriphInc=DMA_PINC_DISABLE
Dma.SPI2_RX.6.Polarity=HAL_DMAMUX_REQ_GEN_RISING
Dma.SPI2_RX.6.Priority=DMA_PRIORITY_VERY_HIGH
Dma.SPI2_RX.6.RequestNumber=1
Dma.SPI2_RX.6.RequestParameters=Instance,Direction,PeriphInc,MemInc,PeriphDataAlignment,MemDataAlignment,Mode,Priority,FIFOMode,SignalID,Polarity,RequestNumber,SyncSignalID,SyncPolarity,SyncEnable,EventEnable,SyncRequestNumber
Dma.SPI2_RX.6.SignalID=NONE
Dma.SPI2_RX.6.SyncEnable=DISABLE
Dma.SPI2_RX.6.SyncPolarity=HAL_DMAMUX_SYNC_NO_EVENT
Dma.SPI2_RX.6.SyncRequestNumber=1
Dma.SPI2_RX.6.SyncSignalID=NONE
Dma.SPI2_TX.7.Direction=DMA_MEMORY_TO_PERIPH
Dma.SPI2_TX.7.EventEnable=DISABLE
Dma.SPI2_TX.7.FIFOMode=DMA_FIFOMODE_DISABLE
Dma.SPI2_TX.7.Instance=DMA2_Stream3
Dma.SPI2_TX.7.MemDataAlignment=DMA_MDATAALIGN_BYTE
Dma.SPI2_TX.7.MemInc=DMA_MINC_ENABLE
Dma.SPI2_TX.7.Mode=DMA_NORMAL
Dma.SPI2_TX.7.PeriphDataAlignment=DMA_PDATAALIGN_BYTE
Dma.SPI2_TX.7.PeriphInc=DMA_PINC_DISABLE
Dma.SPI2_TX.7.Polarity=HAL_DMAMUX_REQ_GEN_RISING
Dma.SPI2_TX.7.Priority=DMA_PRIORITY_VERY_HIGH
Dma.SPI2_TX.7.RequestNumber=1
Dma.SPI2_TX.7.RequestParameters=Instance,Direction,PeriphInc,MemInc,PeriphDataAlignment,MemDataAlignment,Mode,Priority,FIFOMode,SignalID,Polarity,RequestNumber,SyncSignalID,SyncPolarity,SyncEnable,EventEnable,SyncRequestNumber
Dma.SPI2_TX.7.SignalID=NONE
Dma.SPI2_TX.7.SyncEnable=DISABLE
Dma.SPI2_TX.7.SyncPolarity=HAL_DMAMUX_SYNC_NO_EVENT
Dma.SPI2_TX.7.SyncRequestNumber=1
Dma.SPI2_TX.7.SyncSignalID=NONE
Dma.UART4_RX.0.Direction=DMA_PERIPH_TO_MEMORY
Dma.UART4_RX.0.EventEnable=DISABLE
Dma.UART4_RX.0.FIFOMode=DMA_FIFOMODE_DISABLE
Dma.UART4_RX.0.Instance=DMA1_Stream0
Dma.UART4_RX.0.MemDataAlignment=DMA_MDATAALIGN_BYTE
Dma.UART4_RX.0.MemInc=DMA_MINC_ENABLE
Dma.UART4_RX.0.Mode=DMA_NORMAL
Dma.UART4_RX.0.PeriphDataAlignment=DMA_PDATAALIGN_BYTE
Dma.UART4_RX.0.PeriphInc=DMA_PINC_DISABLE
Dma.UART4_RX.0.Polarity=HAL_DMAMUX_REQ_GEN_RISING
Dma.UART4_RX.0.Priority=DMA_PRIORITY_VERY_HIGH
Dma.UART4_RX.0.RequestNumber=1
Dma.UART4_RX.0.RequestParameters=Instance,Direction,PeriphInc,MemInc,PeriphDataAlignment,MemDataAlignment,Mode,Priority,FIFOMode,SignalID,Polarity,RequestNumber,SyncSignalID,SyncPolarity,SyncEnable,EventEnable,SyncRequestNumber
Dma.UART4_RX.0.SignalID=NONE
Dma.UART4_RX.0.SyncEnable=DISABLE
Dma.UART4_RX.0.SyncPolarity=HAL_DMAMUX_SYNC_NO_EVENT
Dma.UART4_RX.0.SyncRequestNumber=1
Dma.UART4_RX.0.SyncSignalID=NONE
Dma.UART4_TX.1.Direction=DMA_MEMORY_TO_PERIPH
Dma.UART4_TX.1.EventEnable=DISABLE
Dma.UART4_TX.1.FIFOMode=DMA_FIFOMODE_DISABLE
Dma.UART4_TX.1.Instance=DMA1_Stream1
Dma.UART4_TX.1.MemDataAlignment=DMA_MDATAALIGN_BYTE
Dma.UART4_TX.1.MemInc=DMA_MINC_ENABLE
Dma.UART4_TX.1.Mode=DMA_NORMAL
Dma.UART4_TX.1.PeriphDataAlignment=DMA_PDATAALIGN_BYTE
Dma.UART4_TX.1.PeriphInc=DMA_PINC_DISABLE
Dma.UART4_TX.1.Polarity=HAL_DMAMUX_REQ_GEN_RISING
Dma.UART4_TX.1.Priority=DMA_PRIORITY_VERY_HIGH
Dma.UART4_TX.1.RequestNumber=1
Dma.UART4_TX.1.RequestParameters=Instance,Direction,PeriphInc,MemInc,PeriphDataAlignment,MemDataAlignment,Mode,Priority,FIFOMode,SignalID,Polarity,RequestNumber,SyncSignalID,SyncPolarity,SyncEnable,EventEnable,SyncRequestNumber
Dma.UART4_TX.1.SignalID=NONE
Dma.UART4_TX.1.SyncEnable=DISABLE
Dma.UART4_TX.1.SyncPolarity=HAL_DMAMUX_SYNC_NO_EVENT
Dma.UART4_TX.1.SyncRequestNumber=1
Dma.UART4_TX.1.SyncSignalID=NONE
Dma.UART8_RX.4.Direction=DMA_PERIPH_TO_MEMORY
Dma.UART8_RX.4.EventEnable=DISABLE
Dma.UART8_RX.4.FIFOMode=DMA_FIFOMODE_DISABLE
Dma.UART8_RX.4.Instance=DMA2_Stream0
Dma.UART8_RX.4.MemDataAlignment=DMA_MDATAALIGN_BYTE
Dma.UART8_RX.4.MemInc=DMA_MINC_ENABLE
Dma.UART8_RX.4.Mode=DMA_NORMAL
Dma.UART8_RX.4.PeriphDataAlignment=DMA_PDATAALIGN_BYTE
Dma.UART8_RX.4.PeriphInc=DMA_PINC_DISABLE
Dma.UART8_RX.4.Polarity=HAL_DMAMUX_REQ_GEN_RISING
Dma.UART8_RX.4.Priority=DMA_PRIORITY_VERY_HIGH
Dma.UART8_RX.4.RequestNumber=1
Dma.UART8_RX.4.RequestParameters=Instance,Direction,PeriphInc,MemInc,PeriphDataAlignment,MemDataAlignment,Mode,Priority,FIFOMode,SignalID,Polarity,RequestNumber,SyncSignalID,SyncPolarity,SyncEnable,EventEnable,SyncRequestNumber
Dma.UART8_RX.4.SignalID=NONE
Dma.UART8_RX.4.SyncEnable=DISABLE
Dma.UART8_RX.4.SyncPolarity=HAL_DMAMUX_SYNC_NO_EVENT
Dma.UART8_RX.4.SyncRequestNumber=1
Dma.UART8_RX.4.SyncSignalID=NONE
Dma.UART8_TX.5.Direction=DMA_MEMORY_TO_PERIPH
Dma.UART8_TX.5.EventEnable=DISABLE
Dma.UART8_TX.5.FIFOMode=DMA_FIFOMODE_DISABLE
Dma.UART8_TX.5.Instance=DMA2_Stream1
Dma.UART8_TX.5.MemDataAlignment=DMA_MDATAALIGN_BYTE
Dma.UART8_TX.5.MemInc=DMA_MINC_ENABLE
Dma.UART8_TX.5.Mode=DMA_NORMAL
Dma.UART8_TX.5.PeriphDataAlignment=DMA_PDATAALIGN_BYTE
Dma.UART8_TX.5.PeriphInc=DMA_PINC_DISABLE
Dma.UART8_TX.5.Polarity=HAL_DMAMUX_REQ_GEN_RISING
Dma.UART8_TX.5.Priority=DMA_PRIORITY_VERY_HIGH
Dma.UART8_TX.5.RequestNumber=1
Dma.UART8_TX.5.RequestParameters=Instance,Direction,PeriphInc,MemInc,PeriphDataAlignment,MemDataAlignment,Mode,Priority,FIFOMode,SignalID,Polarity,RequestNumber,SyncSignalID,SyncPolarity,SyncEnable,EventEnable,SyncRequestNumber
Dma.UART8_TX.5.SignalID=NONE
Dma.UART8_TX.5.SyncEnable=DISABLE
Dma.UART8_TX.5.SyncPolarity=HAL_DMAMUX_SYNC_NO_EVENT
Dma.UART8_TX.5.SyncRequestNumber=1
Dma.UART8_TX.5.SyncSignalID=NONE
Dma.USART2_RX.8.Direction=DMA_PERIPH_TO_MEMORY
Dma.USART2_RX.8.EventEnable=DISABLE
Dma.USART2_RX.8.FIFOMode=DMA_FIFOMODE_DISABLE
Dma.USART2_RX.8.Instance=DMA1_Stream4
Dma.USART2_RX.8.MemDataAlignment=DMA_MDATAALIGN_BYTE
Dma.USART2_RX.8.MemInc=DMA_MINC_ENABLE
Dma.USART2_RX.8.Mode=DMA_NORMAL
Dma.USART2_RX.8.PeriphDataAlignment=DMA_PDATAALIGN_BYTE
Dma.USART2_RX.8.PeriphInc=DMA_PINC_DISABLE
Dma.USART2_RX.8.Polarity=HAL_DMAMUX_REQ_GEN_RISING
Dma.USART2_RX.8.Priority=DMA_PRIORITY_LOW
Dma.USART2_RX.8.RequestNumber=1
Dma.USART2_RX.8.RequestParameters=Instance,Direction,PeriphInc,MemInc,PeriphDataAlignment,MemDataAlignment,Mode,Priority,FIFOMode,SignalID,Polarity,RequestNumber,SyncSignalID,SyncPolarity,SyncEnable,EventEnable,SyncRequestNumber
Dma.USART2_RX.8.SignalID=NONE
Dma.USART2_RX.8.SyncEnable=DISABLE
Dma.USART2_RX.8.SyncPolarity=HAL_DMAMUX_SYNC_NO_EVENT
Dma.USART2_RX.8.SyncRequestNumber=1
Dma.USART2_RX.8.SyncSignalID=NONE
Dma.USART2_TX.9.Direction=DMA_MEMORY_TO_PERIPH
Dma.USART2_TX.9.EventEnable=DISABLE
Dma.USART2_TX.9.FIFOMode=DMA_FIFOMODE_DISABLE
Dma.USART2_TX.9.Instance=DMA1_Stream5
Dma.USART2_TX.9.MemDataAlignment=DMA_MDATAALIGN_BYTE
Dma.USART2_TX.9.MemInc=DMA_MINC_ENABLE
Dma.USART2_TX.9.Mode=DMA_NORMAL
Dma.USART2_TX.9.PeriphDataAlignment=DMA_PDATAALIGN_BYTE
Dma.USART2_TX.9.PeriphInc=DMA_PINC_DISABLE
Dma.USART2_TX.9.Polarity=HAL_DMAMUX_REQ_GEN_RISING
Dma.USART2_TX.9.Priority=DMA_PRIORITY_LOW
Dma.USART2_TX.9.RequestNumber=1
Dma.USART2_TX.9.RequestParameters=Instance,Direction,PeriphInc,MemInc,PeriphDataAlignment,MemDataAlignment,Mode,Priority,FIFOMode,SignalID,Polarity,RequestNumber,SyncSignalID,SyncPolarity,SyncEnable,EventEnable,SyncRequestNumber
Dma.USART2_TX.9.SignalID=NONE
Dma.USART2_TX.9.SyncEnable=DISABLE
Dma.USART2_TX.9.SyncPolarity=HAL_DMAMUX_SYNC_NO_EVENT
Dma.USART2_TX.9.SyncRequestNumber=1
Dma.USART2_TX.9.SyncSignalID=NONE
FDCAN1.AutoRetransmission=ENABLE
FDCAN1.CalculateBaudRateNominal=1000000
FDCAN1.CalculateTimeBitNominal=1000
FDCAN1.CalculateTimeQuantumNominal=100.0
FDCAN1.DataPrescaler=8
FDCAN1.DataTimeSeg1=7
FDCAN1.DataTimeSeg2=2
FDCAN1.ExtFiltersNbr=64
FDCAN1.FrameFormat=FDCAN_FRAME_FD_BRS
FDCAN1.IPParameters=CalculateTimeQuantumNominal,CalculateTimeBitNominal,CalculateBaudRateNominal,FrameFormat,AutoRetransmission,TransmitPause,ProtocolException,NominalSyncJumpWidth,DataPrescaler,DataTimeSeg1,DataTimeSeg2,StdFiltersNbr,ExtFiltersNbr,RxFifo0ElmtsNbr,RxFifo0ElmtSize,RxFifo1ElmtsNbr,RxFifo1ElmtSize,RxBuffersNbr,RxBufferSize,TxFifoQueueElmtsNbr,TxElmtSize,NominalPrescaler,NominalTimeSeg1
FDCAN1.NominalPrescaler=8
FDCAN1.NominalSyncJumpWidth=2
FDCAN1.NominalTimeSeg1=7
FDCAN1.ProtocolException=ENABLE
FDCAN1.RxBufferSize=FDCAN_DATA_BYTES_64
FDCAN1.RxBuffersNbr=8
FDCAN1.RxFifo0ElmtSize=FDCAN_DATA_BYTES_64
FDCAN1.RxFifo0ElmtsNbr=32
FDCAN1.RxFifo1ElmtSize=FDCAN_DATA_BYTES_64
FDCAN1.RxFifo1ElmtsNbr=32
FDCAN1.StdFiltersNbr=128
FDCAN1.TransmitPause=ENABLE
FDCAN1.TxElmtSize=FDCAN_DATA_BYTES_64
FDCAN1.TxFifoQueueElmtsNbr=32
File.Version=6
GPIO.groupedBy=Group By Peripherals
I2C1.I2C_Fall_Time=10
I2C1.I2C_Rise_Time=100
I2C1.IPParameters=Timing,Speed,I2C_Rise_Time,I2C_Fall_Time
I2C1.Speed=100
I2C1.Timing=0x40805E8A
KeepUserPlacement=false
MMTAppReg1.MEMORYMAP.AppRegionName=DTCMRAM
MMTAppReg1.MEMORYMAP.ContextName=Cortex-M7NS
MMTAppReg1.MEMORYMAP.CoreName=ARM Cortex-M7
MMTAppReg1.MEMORYMAP.IPParameters=StartAddress,Size,CoreName,ContextName,Name
MMTAppReg1.MEMORYMAP.Name=DTCMRAM
MMTAppReg1.MEMORYMAP.Size=131072
MMTAppReg1.MEMORYMAP.StartAddress=0x20000000
MMTAppReg2.MEMORYMAP.AppRegionName=RAM
MMTAppReg2.MEMORYMAP.ContextName=Cortex-M7NS
MMTAppReg2.MEMORYMAP.CoreName=ARM Cortex-M7
MMTAppReg2.MEMORYMAP.DefaultDataRegion=true
MMTAppReg2.MEMORYMAP.IPParameters=StartAddress,Size,CoreName,ContextName,Name,DefaultDataRegion
MMTAppReg2.MEMORYMAP.Name=RAM
MMTAppReg2.MEMORYMAP.Size=524288
MMTAppReg2.MEMORYMAP.StartAddress=0x24000000
MMTAppReg3.MEMORYMAP.AppRegionName=RAM_D2
MMTAppReg3.MEMORYMAP.ContextName=Cortex-M7NS
MMTAppReg3.MEMORYMAP.CoreName=ARM Cortex-M7
MMTAppReg3.MEMORYMAP.IPParameters=StartAddress,Size,CoreName,ContextName,Name
MMTAppReg3.MEMORYMAP.Name=RAM_D2
MMTAppReg3.MEMORYMAP.Size=294912
MMTAppReg3.MEMORYMAP.StartAddress=0x30000000
MMTAppReg4.MEMORYMAP.AppRegionName=RAM_D3
MMTAppReg4.MEMORYMAP.ContextName=Cortex-M7NS
MMTAppReg4.MEMORYMAP.CoreName=ARM Cortex-M7
MMTAppReg4.MEMORYMAP.IPParameters=StartAddress,Size,CoreName,ContextName,Name
MMTAppReg4.MEMORYMAP.Name=RAM_D3
MMTAppReg4.MEMORYMAP.Size=65536
MMTAppReg4.MEMORYMAP.StartAddress=0x38000000
MMTAppReg5.MEMORYMAP.AppRegionName=ITCMRAM
MMTAppReg5.MEMORYMAP.Cacheability=WTRA
MMTAppReg5.MEMORYMAP.ContextName=Cortex-M7NS
MMTAppReg5.MEMORYMAP.CoreName=ARM Cortex-M7
MMTAppReg5.MEMORYMAP.IPParameters=StartAddress,Size,CoreName,ContextName,Name,Cacheability
MMTAppReg5.MEMORYMAP.Name=ITCMRAM
MMTAppReg5.MEMORYMAP.Size=65536
MMTAppReg5.MEMORYMAP.StartAddress=0x00000000
MMTAppReg6.MEMORYMAP.AP=RO_priv_only
MMTAppReg6.MEMORYMAP.AppRegionName=FLASH
MMTAppReg6.MEMORYMAP.Cacheability=WTRA
MMTAppReg6.MEMORYMAP.ContextName=Cortex-M7NS
MMTAppReg6.MEMORYMAP.CoreName=ARM Cortex-M7
MMTAppReg6.MEMORYMAP.DefaultCodeRegion=true
MMTAppReg6.MEMORYMAP.IPParameters=StartAddress,Size,CoreName,MemType,ContextName,Name,AP,Cacheability,DefaultCodeRegion,ISRRegion,RootBootRegion
MMTAppReg6.MEMORYMAP.ISRRegion=true
MMTAppReg6.MEMORYMAP.MemType=ROM
MMTAppReg6.MEMORYMAP.Name=FLASH
MMTAppReg6.MEMORYMAP.RootBootRegion=true
MMTAppReg6.MEMORYMAP.Size=524288
MMTAppReg6.MEMORYMAP.StartAddress=0x08000000
MMTAppReg7.MEMORYMAP.AP=RO_priv_only
MMTAppReg7.MEMORYMAP.AppRegionName=FLASH2
MMTAppReg7.MEMORYMAP.Cacheability=WTRA
MMTAppReg7.MEMORYMAP.ContextName=Cortex-M7NS
MMTAppReg7.MEMORYMAP.CoreName=ARM Cortex-M7
MMTAppReg7.MEMORYMAP.IPParameters=StartAddress,Size,CoreName,MemType,ContextName,Name,AP,Cacheability
MMTAppReg7.MEMORYMAP.MemType=ROM
MMTAppReg7.MEMORYMAP.Name=FLASH2
MMTAppReg7.MEMORYMAP.Size=524288
MMTAppReg7.MEMORYMAP.StartAddress=0x08100000
MMTAppRegionsCount=7
MMTConfigApplied=false
MMTSectionSuffix=_Section
Mcu.CPN=STM32H743VGT6
Mcu.Family=STM32H7
Mcu.IP0=ADC1
Mcu.IP1=ADC2
Mcu.IP10=NVIC
Mcu.IP11=QUADSPI
Mcu.IP12=RCC
Mcu.IP13=SPI1
Mcu.IP14=SPI2
Mcu.IP15=SPI3
Mcu.IP16=SPI6
Mcu.IP17=SYS
Mcu.IP18=TIM1
Mcu.IP19=TIM2
Mcu.IP2=ADC3
Mcu.IP20=TIM3
Mcu.IP21=TIM5
Mcu.IP22=TIM6
Mcu.IP23=TIM7
Mcu.IP24=TIM13
Mcu.IP25=UART4
Mcu.IP26=UART8
Mcu.IP27=USART1
Mcu.IP28=USART2
Mcu.IP3=CORTEX_M7
Mcu.IP4=CRC
Mcu.IP5=DEBUG
Mcu.IP6=DMA
Mcu.IP7=FDCAN1
Mcu.IP8=I2C1
Mcu.IP9=MEMORYMAP
Mcu.IPNb=29
Mcu.Name=STM32H743VGTx
Mcu.Package=LQFP100
Mcu.Pin0=PE2
Mcu.Pin1=PE3
Mcu.Pin10=PC1
Mcu.Pin11=PC2_C
Mcu.Pin12=PC3_C
Mcu.Pin13=PA0
Mcu.Pin14=PA2
Mcu.Pin15=PA3
Mcu.Pin16=PA4
Mcu.Pin17=PA5
Mcu.Pin18=PA6
Mcu.Pin19=PA7
Mcu.Pin2=PE4
Mcu.Pin20=PC4
Mcu.Pin21=PC5
Mcu.Pin22=PB2
Mcu.Pin23=PE8
Mcu.Pin24=PE9
Mcu.Pin25=PE10
Mcu.Pin26=PE11
Mcu.Pin27=PE12
Mcu.Pin28=PE13
Mcu.Pin29=PE15
Mcu.Pin3=PE5
Mcu.Pin30=PB10
Mcu.Pin31=PB11
Mcu.Pin32=PB12
Mcu.Pin33=PB13
Mcu.Pin34=PB14
Mcu.Pin35=PB15
Mcu.Pin36=PD8
Mcu.Pin37=PD9
Mcu.Pin38=PD10
Mcu.Pin39=PD11
Mcu.Pin4=PE6
Mcu.Pin40=PD12
Mcu.Pin41=PD13
Mcu.Pin42=PD15
Mcu.Pin43=PC6
Mcu.Pin44=PC7
Mcu.Pin45=PC8
Mcu.Pin46=PA8
Mcu.Pin47=PA9
Mcu.Pin48=PA10
Mcu.Pin49=PA11
Mcu.Pin5=PC13
Mcu.Pin50=PA12
Mcu.Pin51=PA13 (JTMS/SWDIO)
Mcu.Pin52=PA14 (JTCK/SWCLK)
Mcu.Pin53=PA15 (JTDI)
Mcu.Pin54=PC10
Mcu.Pin55=PC11
Mcu.Pin56=PC12
Mcu.Pin57=PD0
Mcu.Pin58=PD1
Mcu.Pin59=PD2
Mcu.Pin6=PC14-OSC32_IN (OSC32_IN)
Mcu.Pin60=PD3
Mcu.Pin61=PD4
Mcu.Pin62=PD5
Mcu.Pin63=PD6
Mcu.Pin64=PD7
Mcu.Pin65=PB3 (JTDO/TRACESWO)
Mcu.Pin66=PB4 (NJTRST)
Mcu.Pin67=PB5
Mcu.Pin68=PB6
Mcu.Pin69=PB7
Mcu.Pin7=PC15-OSC32_OUT (OSC32_OUT)
Mcu.Pin70=PB8
Mcu.Pin71=PB9
Mcu.Pin72=PE0
Mcu.Pin73=PE1
Mcu.Pin74=VP_ADC3_TempSens_Input
Mcu.Pin75=VP_CRC_VS_CRC
Mcu.Pin76=VP_SYS_VS_Systick
Mcu.Pin77=VP_TIM1_VS_ClockSourceINT
Mcu.Pin78=VP_TIM1_VS_no_output4
Mcu.Pin79=VP_TIM2_VS_ClockSourceINT
Mcu.Pin8=PH0-OSC_IN (PH0)
Mcu.Pin80=VP_TIM5_VS_ClockSourceINT
Mcu.Pin81=VP_TIM6_VS_ClockSourceINT
Mcu.Pin82=VP_TIM7_VS_ClockSourceINT
Mcu.Pin83=VP_TIM13_VS_ClockSourceINT
Mcu.Pin84=VP_MEMORYMAP_VS_MEMORYMAP
Mcu.Pin9=PC0
Mcu.PinsNb=85
Mcu.ThirdPartyNb=0
Mcu.UserConstants=
Mcu.UserName=STM32H743VGTx
MxCube.Version=6.12.1
MxDb.Version=DB.6.0.121
NVIC.ADC_IRQn=true\:2\:0\:true\:false\:true\:true\:true\:true
NVIC.BusFault_IRQn=true\:0\:0\:false\:false\:true\:false\:false\:false
NVIC.DMA1_Stream0_IRQn=true\:1\:0\:true\:false\:true\:false\:true\:true
NVIC.DMA1_Stream1_IRQn=true\:1\:0\:true\:false\:true\:false\:true\:true
NVIC.DMA1_Stream2_IRQn=true\:1\:0\:true\:false\:true\:false\:true\:true
NVIC.DMA1_Stream3_IRQn=true\:1\:0\:true\:false\:true\:false\:true\:true
NVIC.DMA1_Stream4_IRQn=true\:7\:0\:true\:false\:true\:false\:true\:true
NVIC.DMA1_Stream5_IRQn=true\:7\:0\:true\:false\:true\:false\:true\:true
NVIC.DMA2_Stream0_IRQn=true\:1\:0\:true\:false\:true\:false\:true\:true
NVIC.DMA2_Stream1_IRQn=true\:1\:0\:true\:false\:true\:false\:true\:true
NVIC.DMA2_Stream2_IRQn=true\:1\:0\:true\:false\:true\:false\:true\:true
NVIC.DMA2_Stream3_IRQn=true\:1\:0\:true\:false\:true\:false\:true\:true
NVIC.DebugMonitor_IRQn=true\:0\:0\:false\:false\:true\:false\:false\:false
NVIC.EXTI15_10_IRQn=true\:2\:0\:true\:false\:true\:true\:true\:false
NVIC.EXTI9_5_IRQn=true\:1\:0\:true\:false\:true\:true\:true\:false
NVIC.FDCAN1_IT0_IRQn=true\:5\:0\:true\:false\:true\:true\:true\:true
NVIC.FDCAN1_IT1_IRQn=true\:5\:0\:true\:false\:true\:true\:true\:true
NVIC.ForceEnableDMAVector=false
NVIC.HardFault_IRQn=true\:0\:0\:false\:false\:true\:false\:false\:false
NVIC.MemoryManagement_IRQn=true\:0\:0\:false\:false\:true\:false\:false\:false
NVIC.NonMaskableInt_IRQn=true\:0\:0\:false\:false\:true\:false\:false\:false
NVIC.PendSV_IRQn=true\:0\:0\:false\:false\:true\:false\:false\:false
NVIC.PriorityGroup=NVIC_PRIORITYGROUP_4
NVIC.SPI1_IRQn=true\:0\:0\:false\:false\:true\:false\:true\:true
NVIC.SPI2_IRQn=true\:0\:0\:false\:false\:true\:false\:true\:true
NVIC.SVCall_IRQn=true\:0\:0\:false\:false\:true\:false\:false\:false
NVIC.SysTick_IRQn=true\:15\:0\:false\:false\:true\:false\:true\:false
NVIC.TIM1_BRK_IRQn=true\:0\:0\:false\:false\:true\:true\:true\:true
NVIC.TIM2_IRQn=true\:9\:0\:true\:false\:true\:true\:true\:true
NVIC.TIM3_IRQn=true\:2\:0\:true\:false\:true\:true\:true\:true
NVIC.TIM5_IRQn=true\:3\:0\:true\:false\:false\:true\:true\:true
NVIC.TIM6_DAC_IRQn=true\:4\:0\:true\:false\:true\:true\:true\:true
NVIC.TIM7_IRQn=true\:4\:0\:true\:false\:true\:true\:true\:true
NVIC.TIM8_UP_TIM13_IRQn=true\:5\:0\:true\:false\:true\:true\:true\:true
NVIC.USART2_IRQn=true\:8\:0\:true\:false\:false\:true\:false\:true
NVIC.UsageFault_IRQn=true\:0\:0\:false\:false\:true\:false\:false\:false
PA0.GPIOParameters=GPIO_Label
PA0.GPIO_Label=DC_CURRENT
PA0.Locked=true
PA0.Mode=IN16-Single-Ended
PA0.Signal=ADC1_INP16
PA10.GPIOParameters=GPIO_Speed,GPIO_Label,PinAttribute
PA10.GPIO_Label=USER_USART1_RX
PA10.GPIO_Speed=GPIO_SPEED_FREQ_VERY_HIGH
PA10.Locked=true
PA10.Mode=Synchronous
PA10.PinAttribute=Free
PA10.Signal=USART1_RX
PA11.GPIOParameters=GPIO_Speed
PA11.GPIO_Speed=GPIO_SPEED_FREQ_VERY_HIGH
PA11.Locked=true
PA11.Mode=FDCAN_Activate
PA11.Signal=FDCAN1_RX
PA12.GPIOParameters=GPIO_Speed
PA12.GPIO_Speed=GPIO_SPEED_FREQ_VERY_HIGH
PA12.Locked=true
PA12.Mode=FDCAN_Activate
PA12.Signal=FDCAN1_TX
PA13\ (JTMS/SWDIO).GPIOParameters=GPIO_Label
PA13\ (JTMS/SWDIO).GPIO_Label=SWDIO
PA13\ (JTMS/SWDIO).Locked=true
PA13\ (JTMS/SWDIO).Mode=Serial_Wire
PA13\ (JTMS/SWDIO).Signal=DEBUG_JTMS-SWDIO
PA14\ (JTCK/SWCLK).GPIOParameters=GPIO_Label
PA14\ (JTCK/SWCLK).GPIO_Label=SWCLK
PA14\ (JTCK/SWCLK).Locked=true
PA14\ (JTCK/SWCLK).Mode=Serial_Wire
PA14\ (JTCK/SWCLK).Signal=DEBUG_JTCK-SWCLK
PA15\ (JTDI).GPIOParameters=GPIO_Speed,GPIO_Label
PA15\ (JTDI).GPIO_Label=ENC1_RS485_DE
PA15\ (JTDI).GPIO_Speed=GPIO_SPEED_FREQ_VERY_HIGH
PA15\ (JTDI).Locked=true
PA15\ (JTDI).Mode=Hardware Flow Control (RS485)
PA15\ (JTDI).Signal=UART4_DE
PA2.GPIOParameters=GPIO_Label
PA2.GPIO_Label=DC_BUS
PA2.Locked=true
PA2.Signal=ADCx_INP14
PA3.GPIOParameters=GPIO_Label
PA3.GPIO_Label=TEMP_MOS
PA3.Locked=true
PA3.Signal=ADCx_INP15
PA4.GPIOParameters=GPIO_Speed,GPIO_Label
PA4.GPIO_Label=ENC1_SPI_NSS
PA4.GPIO_Speed=GPIO_SPEED_FREQ_VERY_HIGH
PA4.Locked=true
PA4.Mode=NSS_Signal_Hard_Output
PA4.Signal=SPI1_NSS
PA5.GPIOParameters=GPIO_Speed,GPIO_Label
PA5.GPIO_Label=ENC1_SPI_SCK
PA5.GPIO_Speed=GPIO_SPEED_FREQ_VERY_HIGH
PA5.Locked=true
PA5.Mode=Full_Duplex_Master
PA5.Signal=SPI1_SCK
PA6.GPIOParameters=GPIO_Speed,GPIO_Label
PA6.GPIO_Label=ENC1_SPI_MISO
PA6.GPIO_Speed=GPIO_SPEED_FREQ_VERY_HIGH
PA6.Locked=true
PA6.Mode=Full_Duplex_Master
PA6.Signal=SPI1_MISO
PA7.GPIOParameters=GPIO_Speed,GPIO_Label
PA7.GPIO_Label=ENC1_SPI_MOSI
PA7.GPIO_Speed=GPIO_SPEED_FREQ_VERY_HIGH
PA7.Locked=true
PA7.Mode=Full_Duplex_Master
PA7.Signal=SPI1_MOSI
PA8.GPIOParameters=GPIO_Speed,GPIO_Label,PinAttribute
PA8.GPIO_Label=USER_USART1_CK
PA8.GPIO_Speed=GPIO_SPEED_FREQ_VERY_HIGH
PA8.Locked=true
PA8.Mode=Synchronous
PA8.PinAttribute=Free
PA8.Signal=USART1_CK
PA9.GPIOParameters=GPIO_Speed,GPIO_Label,PinAttribute
PA9.GPIO_Label=USER_USART1_TX
PA9.GPIO_Speed=GPIO_SPEED_FREQ_VERY_HIGH
PA9.Locked=true
PA9.Mode=Synchronous
PA9.PinAttribute=Free
PA9.Signal=USART1_TX
PB10.GPIOParameters=GPIO_Speed,GPIO_Label,PinAttribute
PB10.GPIO_Label=ECAT_QSPI_NCS
PB10.GPIO_Speed=GPIO_SPEED_FREQ_VERY_HIGH
PB10.Locked=true
PB10.Mode=Single Bank 1
PB10.PinAttribute=Free
PB10.Signal=QUADSPI_BK1_NCS
PB11.GPIOParameters=GPIO_Speed,GPIO_Label,PinAttribute
PB11.GPIO_Label=BRAKE_PWM
PB11.GPIO_Speed=GPIO_SPEED_FREQ_VERY_HIGH
PB11.Locked=true
PB11.PinAttribute=Free
PB11.Signal=S_TIM2_CH4
PB12.GPIOParameters=GPIO_Speed,GPIO_Label,PinAttribute
PB12.GPIO_Label=ENC2_SPI_NSS
PB12.GPIO_Speed=GPIO_SPEED_FREQ_VERY_HIGH
PB12.Locked=true
PB12.Mode=NSS_Signal_Hard_Output
PB12.PinAttribute=Free
PB12.Signal=SPI2_NSS
PB13.GPIOParameters=GPIO_Speed,GPIO_Label,PinAttribute
PB13.GPIO_Label=ENC2_SPI_SCK
PB13.GPIO_Speed=GPIO_SPEED_FREQ_VERY_HIGH
PB13.Locked=true
PB13.Mode=Full_Duplex_Master
PB13.PinAttribute=Free
PB13.Signal=SPI2_SCK
PB14.GPIOParameters=GPIO_Speed,GPIO_Label,PinAttribute
PB14.GPIO_Label=ENC2_SPI_MISO
PB14.GPIO_Speed=GPIO_SPEED_FREQ_VERY_HIGH
PB14.Locked=true
PB14.Mode=Full_Duplex_Master
PB14.PinAttribute=Free
PB14.Signal=SPI2_MISO
PB15.GPIOParameters=GPIO_Speed,GPIO_Label,PinAttribute
PB15.GPIO_Label=ENC2_SPI_MOSI
PB15.GPIO_Speed=GPIO_SPEED_FREQ_VERY_HIGH
PB15.Locked=true
PB15.Mode=Full_Duplex_Master
PB15.PinAttribute=Free
PB15.Signal=SPI2_MOSI
PB2.GPIOParameters=GPIO_Speed,GPIO_Label
PB2.GPIO_Label=ECAT_QSPI_CLK
PB2.GPIO_Speed=GPIO_SPEED_FREQ_VERY_HIGH
PB2.Locked=true
PB2.Mode=Single Bank 1
PB2.Signal=QUADSPI_CLK
PB3\ (JTDO/TRACESWO).GPIOParameters=GPIO_Speed,GPIO_Label
PB3\ (JTDO/TRACESWO).GPIO_Label=USER_SPI_SCK
PB3\ (JTDO/TRACESWO).GPIO_Speed=GPIO_SPEED_FREQ_VERY_HIGH
PB3\ (JTDO/TRACESWO).Locked=true
PB3\ (JTDO/TRACESWO).Mode=Full_Duplex_Master
PB3\ (JTDO/TRACESWO).Signal=SPI6_SCK
PB4\ (NJTRST).GPIOParameters=GPIO_Speed,GPIO_Label,PinAttribute
PB4\ (NJTRST).GPIO_Label=USER_SPI_MISO
PB4\ (NJTRST).GPIO_Speed=GPIO_SPEED_FREQ_VERY_HIGH
PB4\ (NJTRST).Locked=true
PB4\ (NJTRST).Mode=Full_Duplex_Master
PB4\ (NJTRST).PinAttribute=Free
PB4\ (NJTRST).Signal=SPI6_MISO
PB5.GPIOParameters=GPIO_Speed,GPIO_Label,PinAttribute
PB5.GPIO_Label=USER_SPI_MOSI
PB5.GPIO_Speed=GPIO_SPEED_FREQ_VERY_HIGH
PB5.Locked=true
PB5.Mode=Full_Duplex_Master
PB5.PinAttribute=Free
PB5.Signal=SPI6_MOSI
PB6.GPIOParameters=GPIO_Label,PinAttribute
PB6.GPIO_Label=LED_RED
PB6.Locked=true
PB6.PinAttribute=Free
PB6.Signal=GPIO_Output
PB7.GPIOParameters=GPIO_Label,PinAttribute
PB7.GPIO_Label=LED_BLUE
PB7.Locked=true
PB7.PinAttribute=Free
PB7.Signal=GPIO_Output
PB8.GPIOParameters=GPIO_Speed,GPIO_Label,PinAttribute
PB8.GPIO_Label=USER_IIC_SCL
PB8.GPIO_Speed=GPIO_SPEED_FREQ_MEDIUM
PB8.Locked=true
PB8.Mode=I2C
PB8.PinAttribute=Free
PB8.Signal=I2C1_SCL
PB9.GPIOParameters=GPIO_Speed,GPIO_Label,PinAttribute
PB9.GPIO_Label=USER_IIC_SDA
PB9.GPIO_Speed=GPIO_SPEED_FREQ_MEDIUM
PB9.Locked=true
PB9.Mode=I2C
PB9.PinAttribute=Free
PB9.Signal=I2C1_SDA
PC0.GPIOParameters=GPIO_Label
PC0.GPIO_Label=IU
PC0.Locked=true
PC0.Signal=ADCx_INP10
PC1.GPIOParameters=GPIO_Label
PC1.GPIO_Label=IV
PC1.Locked=true
PC1.Signal=ADCx_INP11
PC10.GPIOParameters=GPIO_Speed,GPIO_Label
PC10.GPIO_Label=AF_SPI_SCK
PC10.GPIO_Speed=GPIO_SPEED_FREQ_VERY_HIGH
PC10.Locked=true
PC10.Mode=Full_Duplex_Master
PC10.Signal=SPI3_SCK
PC11.GPIOParameters=GPIO_Speed,GPIO_Label
PC11.GPIO_Label=AF_SPI_MISO
PC11.GPIO_Speed=GPIO_SPEED_FREQ_VERY_HIGH
PC11.Locked=true
PC11.Mode=Full_Duplex_Master
PC11.Signal=SPI3_MISO
PC12.GPIOParameters=GPIO_Speed,GPIO_Label
PC12.GPIO_Label=AF_SPI_MOSI
PC12.GPIO_Speed=GPIO_SPEED_FREQ_VERY_HIGH
PC12.Locked=true
PC12.Mode=Full_Duplex_Master
PC12.Signal=SPI3_MOSI
PC13.GPIOParameters=GPIO_Speed,GPIO_Label
PC13.GPIO_Label=USER_IO5
PC13.GPIO_Speed=GPIO_SPEED_FREQ_LOW
PC13.Locked=true
PC13.Signal=GPIO_Output
PC14-OSC32_IN\ (OSC32_IN).GPIOParameters=GPIO_Label
PC14-OSC32_IN\ (OSC32_IN).GPIO_Label=USER_IO6
PC14-OSC32_IN\ (OSC32_IN).Locked=true
PC14-OSC32_IN\ (OSC32_IN).Signal=GPIO_Output
PC15-OSC32_OUT\ (OSC32_OUT).GPIOParameters=GPIO_Label
PC15-OSC32_OUT\ (OSC32_OUT).GPIO_Label=USER_IO7
PC15-OSC32_OUT\ (OSC32_OUT).Locked=true
PC15-OSC32_OUT\ (OSC32_OUT).Signal=GPIO_Output
PC2_C.GPIOParameters=GPIO_Label
PC2_C.GPIO_Label=IW
PC2_C.Locked=true
PC2_C.Mode=IN0-Single-Ended
PC2_C.Signal=ADC3_INP0
PC3_C.GPIOParameters=GPIO_Label
PC3_C.GPIO_Label=TEMP_MOT
PC3_C.Locked=true
PC3_C.Mode=IN1-Single-Ended
PC3_C.Signal=ADC3_INP1
PC4.GPIOParameters=GPIO_Label
PC4.GPIO_Label=USER_ADC1
PC4.Locked=true
PC4.Signal=ADCx_INP4
PC5.GPIOParameters=GPIO_Speed,GPIO_Label
PC5.GPIO_Label=DRV_EN_GATE
PC5.GPIO_Speed=GPIO_SPEED_FREQ_VERY_HIGH
PC5.Locked=true
PC5.Signal=GPIO_Output
PC6.GPIOParameters=GPIO_Speed,GPIO_Label,PinAttribute
PC6.GPIO_Label=ENC1_A
PC6.GPIO_Speed=GPIO_SPEED_FREQ_HIGH
PC6.Locked=true
PC6.PinAttribute=Free
PC6.Signal=S_TIM3_CH1
PC7.GPIOParameters=GPIO_Speed,GPIO_Label,PinAttribute
PC7.GPIO_Label=ENC1_B
PC7.GPIO_Speed=GPIO_SPEED_FREQ_HIGH
PC7.Locked=true
PC7.PinAttribute=Free
PC7.Signal=S_TIM3_CH2
PC8.GPIOParameters=GPIO_Speed,GPIO_Label,PinAttribute
PC8.GPIO_Label=ENC1_Z
PC8.GPIO_Speed=GPIO_SPEED_FREQ_HIGH
PC8.Locked=true
PC8.PinAttribute=Free
PC8.Signal=S_TIM3_CH3
PD0.GPIOParameters=GPIO_Speed,GPIO_Label
PD0.GPIO_Label=ENC1_RS485_RX
PD0.GPIO_Speed=GPIO_SPEED_FREQ_VERY_HIGH
PD0.Locked=true
PD0.Mode=Asynchronous
PD0.Signal=UART4_RX
PD1.GPIOParameters=GPIO_Speed,GPIO_Label
PD1.GPIO_Label=ENC1_RS485_TX
PD1.GPIO_Speed=GPIO_SPEED_FREQ_VERY_HIGH
PD1.Locked=true
PD1.Mode=Asynchronous
PD1.Signal=UART4_TX
PD10.GPIOParameters=GPIO_PuPd,GPIO_Label,GPIO_ModeDefaultEXTI,PinAttribute
PD10.GPIO_Label=ECAT_IRQ
PD10.GPIO_ModeDefaultEXTI=GPIO_MODE_IT_FALLING
PD10.GPIO_PuPd=GPIO_PULLUP
PD10.Locked=true
PD10.PinAttribute=Free
PD10.Signal=GPXTI10
PD11.GPIOParameters=GPIO_Speed,GPIO_Label,PinAttribute
PD11.GPIO_Label=ECAT_QSPI_D0
PD11.GPIO_Speed=GPIO_SPEED_FREQ_VERY_HIGH
PD11.Locked=true
PD11.Mode=Single Bank 1
PD11.PinAttribute=Free
PD11.Signal=QUADSPI_BK1_IO0
PD12.GPIOParameters=GPIO_Speed,GPIO_Label,PinAttribute
PD12.GPIO_Label=ECAT_QSPI_D1
PD12.GPIO_Speed=GPIO_SPEED_FREQ_VERY_HIGH
PD12.Locked=true
PD12.Mode=Single Bank 1
PD12.PinAttribute=Free
PD12.Signal=QUADSPI_BK1_IO1
PD13.GPIOParameters=GPIO_Speed,GPIO_Label,PinAttribute
PD13.GPIO_Label=ECAT_QSPI_D3
PD13.GPIO_Speed=GPIO_SPEED_FREQ_VERY_HIGH
PD13.Locked=true
PD13.Mode=Single Bank 1
PD13.PinAttribute=Free
PD13.Signal=QUADSPI_BK1_IO3
PD15.GPIOParameters=GPIO_Speed,GPIO_Label,PinAttribute
PD15.GPIO_Label=ENC2_RS485_DE
PD15.GPIO_Speed=GPIO_SPEED_FREQ_VERY_HIGH
PD15.Locked=true
PD15.Mode=Hardware Flow Control (RS485)
PD15.PinAttribute=Free
PD15.Signal=UART8_DE
PD2.GPIOParameters=GPIO_Speed,PinState,GPIO_PuPd,GPIO_Label
PD2.GPIO_Label=DRV_AF_SPI_NSS
PD2.GPIO_PuPd=GPIO_PULLUP
PD2.GPIO_Speed=GPIO_SPEED_FREQ_VERY_HIGH
PD2.Locked=true
PD2.PinState=GPIO_PIN_SET
PD2.Signal=GPIO_Output
PD3.GPIOParameters=GPIO_Speed,PinState,GPIO_PuPd,GPIO_Label
PD3.GPIO_Label=FLASH_AF_SPI_NSS
PD3.GPIO_PuPd=GPIO_PULLUP
PD3.GPIO_Speed=GPIO_SPEED_FREQ_VERY_HIGH
PD3.Locked=true
PD3.PinState=GPIO_PIN_SET
PD3.Signal=GPIO_Output
PD4.GPIOParameters=GPIO_Speed,GPIO_Label
PD4.GPIO_Label=HOST_UART_DE
PD4.GPIO_Speed=GPIO_SPEED_FREQ_VERY_HIGH
PD4.Locked=true
PD4.Mode=Hardware Flow Control (RS485)
PD4.Signal=USART2_DE
PD5.GPIOParameters=GPIO_Speed,GPIO_Label
PD5.GPIO_Label=HOST_UART_TX
PD5.GPIO_Speed=GPIO_SPEED_FREQ_VERY_HIGH
PD5.Locked=true
PD5.Mode=Asynchronous
PD5.Signal=USART2_TX
PD6.GPIOParameters=GPIO_Speed,GPIO_Label
PD6.GPIO_Label=HOST_UART_RX
PD6.GPIO_Speed=GPIO_SPEED_FREQ_VERY_HIGH
PD6.Locked=true
PD6.Mode=Asynchronous
PD6.Signal=USART2_RX
PD7.GPIOParameters=GPIO_Speed,PinState,GPIO_PuPd,GPIO_Label
PD7.GPIO_Label=USER_SPI_NSS
PD7.GPIO_PuPd=GPIO_PULLUP
PD7.GPIO_Speed=GPIO_SPEED_FREQ_VERY_HIGH
PD7.Locked=true
PD7.PinState=GPIO_PIN_SET
PD7.Signal=GPIO_Output
PD8.GPIOParameters=GPIO_PuPd,GPIO_Label,GPIO_ModeDefaultEXTI,PinAttribute
PD8.GPIO_Label=ECAT_SYNC1
PD8.GPIO_ModeDefaultEXTI=GPIO_MODE_IT_FALLING
PD8.GPIO_PuPd=GPIO_PULLUP
PD8.Locked=true
PD8.PinAttribute=Free
PD8.Signal=GPXTI8
PD9.GPIOParameters=GPIO_PuPd,GPIO_Label,GPIO_ModeDefaultEXTI,PinAttribute
PD9.GPIO_Label=ECAT_SYNC0
PD9.GPIO_ModeDefaultEXTI=GPIO_MODE_IT_FALLING
PD9.GPIO_PuPd=GPIO_PULLUP
PD9.Locked=true
PD9.PinAttribute=Free
PD9.Signal=GPXTI9
PE0.GPIOParameters=GPIO_Speed,GPIO_Label,PinAttribute
PE0.GPIO_Label=ENC2_RS485_RX
PE0.GPIO_Speed=GPIO_SPEED_FREQ_VERY_HIGH
PE0.Locked=true
PE0.Mode=Asynchronous
PE0.PinAttribute=Free
PE0.Signal=UART8_RX
PE1.GPIOParameters=GPIO_Speed,GPIO_Label,PinAttribute
PE1.GPIO_Label=ENC2_RS485_TX
PE1.GPIO_Speed=GPIO_SPEED_FREQ_VERY_HIGH
PE1.Locked=true
PE1.Mode=Asynchronous
PE1.PinAttribute=Free
PE1.Signal=UART8_TX
PE10.GPIOParameters=GPIO_Speed,GPIO_Label,PinAttribute
PE10.GPIO_Label=PWM_VL
PE10.GPIO_Speed=GPIO_SPEED_FREQ_HIGH
PE10.Locked=true
PE10.Mode=PWM Generation2 CH2 CH2N
PE10.PinAttribute=Free
PE10.Signal=TIM1_CH2N
PE11.GPIOParameters=GPIO_Speed,GPIO_Label,PinAttribute
PE11.GPIO_Label=PWM_VH
PE11.GPIO_Speed=GPIO_SPEED_FREQ_HIGH
PE11.Locked=true
PE11.PinAttribute=Free
PE11.Signal=S_TIM1_CH2
PE12.GPIOParameters=GPIO_Speed,GPIO_Label,PinAttribute
PE12.GPIO_Label=PWM_WL
PE12.GPIO_Speed=GPIO_SPEED_FREQ_HIGH
PE12.Locked=true
PE12.Mode=PWM Generation3 CH3 CH3N
PE12.PinAttribute=Free
PE12.Signal=TIM1_CH3N
PE13.GPIOParameters=GPIO_Speed,GPIO_Label,PinAttribute
PE13.GPIO_Label=PWM_WH
PE13.GPIO_Speed=GPIO_SPEED_FREQ_HIGH
PE13.Locked=true
PE13.PinAttribute=Free
PE13.Signal=S_TIM1_CH3
PE15.GPIOParameters=GPIO_Label,PinAttribute
PE15.GPIO_Label=DRV_NFAULT
PE15.Locked=true
PE15.Mode=Activate-Break-Input
PE15.PinAttribute=Free
PE15.Signal=TIM1_BKIN
PE2.GPIOParameters=GPIO_Speed,GPIO_Label
PE2.GPIO_Label=ECAT_QSPI_D2
PE2.GPIO_Speed=GPIO_SPEED_FREQ_VERY_HIGH
PE2.Locked=true
PE2.Mode=Single Bank 1
PE2.Signal=QUADSPI_BK1_IO2
PE3.GPIOParameters=GPIO_PuPd,GPIO_Label
PE3.GPIO_Label=USER_IO1
PE3.GPIO_PuPd=GPIO_PULLUP
PE3.Locked=true
PE3.Signal=GPIO_Input
PE4.GPIOParameters=GPIO_PuPd,GPIO_Label
PE4.GPIO_Label=USER_IO2
PE4.GPIO_PuPd=GPIO_PULLUP
PE4.Locked=true
PE4.Signal=GPIO_Input
PE5.GPIOParameters=GPIO_PuPd,GPIO_Label
PE5.GPIO_Label=USER_IO3
PE5.GPIO_PuPd=GPIO_PULLUP
PE5.Locked=true
PE5.Signal=GPIO_Input
PE6.GPIOParameters=GPIO_PuPd,GPIO_Label,PinAttribute
PE6.GPIO_Label=USER_IO4
PE6.GPIO_PuPd=GPIO_PULLUP
PE6.Locked=true
PE6.PinAttribute=Free
PE6.Signal=GPIO_Input
PE8.GPIOParameters=GPIO_Speed,GPIO_PuPd,GPIO_Label
PE8.GPIO_Label=PWM_UL
PE8.GPIO_PuPd=GPIO_NOPULL
PE8.GPIO_Speed=GPIO_SPEED_FREQ_HIGH
PE8.Locked=true
PE8.Mode=PWM Generation1 CH1 CH1N
PE8.Signal=TIM1_CH1N
PE9.GPIOParameters=GPIO_Speed,GPIO_Label
PE9.GPIO_Label=PWM_UH
PE9.GPIO_Speed=GPIO_SPEED_FREQ_HIGH
PE9.Locked=true
PE9.Signal=S_TIM1_CH1
PH0-OSC_IN\ (PH0).Mode=HSE-External-Clock-Source
PH0-OSC_IN\ (PH0).Signal=RCC_OSC_IN
PinOutPanel.RotationAngle=0
ProjectManager.AskForMigrate=true
ProjectManager.BackupPrevious=false
ProjectManager.CompilerLinker=GCC
ProjectManager.CompilerOptimize=6
ProjectManager.ComputerToolchain=false
ProjectManager.CoupleFile=false
ProjectManager.CustomerFirmwarePackage=
ProjectManager.DefaultFWLocation=true
ProjectManager.DeletePrevious=true
ProjectManager.DeviceId=STM32H743VGTx
ProjectManager.FirmwarePackage=STM32Cube FW_H7 V1.11.2
ProjectManager.FreePins=false
ProjectManager.FreePinsContext=
ProjectManager.HalAssertFull=false
ProjectManager.HeapSize=0x1000
ProjectManager.KeepUserCode=true
ProjectManager.LastFirmware=true
ProjectManager.LibraryCopy=1
ProjectManager.MainLocation=Core/Src
ProjectManager.NoMain=false
ProjectManager.PreviousToolchain=
ProjectManager.ProjectBuild=false
ProjectManager.ProjectFileName=STM32H743VGT6_Y01.ioc
ProjectManager.ProjectName=STM32H743VGT6_Y01
ProjectManager.ProjectStructure=
ProjectManager.RegisterCallBack=
ProjectManager.StackSize=0x1000
ProjectManager.TargetToolchain=MDK-ARM V5.32
ProjectManager.ToolChainLocation=
ProjectManager.UAScriptAfterPath=
ProjectManager.UAScriptBeforePath=
ProjectManager.UnderRoot=false
ProjectManager.functionlistsort=1-SystemClock_Config-RCC-false-HAL-false,2-MX_GPIO_Init-GPIO-false-HAL-true,3-MX_DMA_Init-DMA-false-HAL-true,4-MX_ADC1_Init-ADC1-false-HAL-true,5-MX_ADC2_Init-ADC2-false-HAL-true,6-MX_ADC3_Init-ADC3-false-HAL-true,7-MX_TIM1_Init-TIM1-false-HAL-true,8-MX_TIM2_Init-TIM2-false-HAL-true,9-MX_TIM3_Init-TIM3-false-HAL-true,10-MX_TIM5_Init-TIM5-false-HAL-true,11-MX_TIM6_Init-TIM6-false-HAL-true,12-MX_TIM7_Init-TIM7-false-HAL-true,13-MX_TIM13_Init-TIM13-false-HAL-true,14-MX_QUADSPI_Init-QUADSPI-false-HAL-true,15-MX_FDCAN1_Init-FDCAN1-false-HAL-true,16-MX_SPI1_Init-SPI1-false-HAL-true,17-MX_SPI2_Init-SPI2-false-HAL-true,18-MX_SPI3_Init-SPI3-false-HAL-true,19-MX_SPI6_Init-SPI6-false-HAL-true,20-MX_USART1_Init-USART1-false-HAL-true,21-MX_USART2_UART_Init-USART2-false-HAL-true,22-MX_UART4_Init-UART4-false-HAL-true,23-MX_UART8_Init-UART8-false-HAL-true,24-MX_I2C1_Init-I2C1-false-HAL-true,25-MX_CRC_Init-CRC-false-HAL-true,0-MX_CORTEX_M7_Init-CORTEX_M7-false-HAL-true
QUADSPI.ClockMode=QSPI_CLOCK_MODE_3
QUADSPI.ClockPrescaler=8-1
QUADSPI.FifoThreshold=4
QUADSPI.FlashSize=15
QUADSPI.IPParameters=ClockPrescaler,FifoThreshold,SampleShifting,FlashSize,ClockMode
QUADSPI.SampleShifting=QSPI_SAMPLE_SHIFTING_HALFCYCLE
RCC.ADCFreq_Value=80000000
RCC.AHB12Freq_Value=240000000
RCC.AHB4Freq_Value=240000000
RCC.APB1Freq_Value=120000000
RCC.APB2Freq_Value=120000000
RCC.APB3Freq_Value=120000000
RCC.APB4Freq_Value=120000000
RCC.AXIClockFreq_Value=240000000
RCC.CECFreq_Value=32000
RCC.CKPERFreq_Value=16000000
RCC.CKPERSourceSelection=RCC_CLKPSOURCE_HSE
RCC.CortexFreq_Value=480000000
RCC.CpuClockFreq_Value=480000000
RCC.D1CPREFreq_Value=480000000
RCC.D1PPRE=RCC_APB3_DIV2
RCC.D2PPRE1=RCC_APB1_DIV2
RCC.D2PPRE2=RCC_APB2_DIV2
RCC.D3PPRE=RCC_APB4_DIV2
RCC.DFSDMACLkFreq_Value=160000000
RCC.DFSDMFreq_Value=120000000
RCC.DIVM1=1
RCC.DIVM2=1
RCC.DIVN1=60
RCC.DIVN2=10
RCC.DIVP1Freq_Value=480000000
RCC.DIVP2Freq_Value=80000000
RCC.DIVP3Freq_Value=32250000
RCC.DIVQ1=6
RCC.DIVQ1Freq_Value=160000000
RCC.DIVQ2Freq_Value=80000000
RCC.DIVQ3Freq_Value=32250000
RCC.DIVR1Freq_Value=480000000
RCC.DIVR2Freq_Value=80000000
RCC.DIVR3Freq_Value=32250000
RCC.FDCANCLockSelection=RCC_FDCANCLKSOURCE_PLL2
RCC.FDCANFreq_Value=80000000
RCC.FMCFreq_Value=240000000
RCC.FamilyName=M
RCC.HCLK3ClockFreq_Value=240000000
RCC.HCLKFreq_Value=240000000
RCC.HPRE=RCC_HCLK_DIV2
RCC.HRTIMCLockSelection=RCC_HRTIM1CLK_CPUCLK
RCC.HRTIMFreq_Value=480000000
RCC.HSE_VALUE=16000000
RCC.I2C123Freq_Value=120000000
RCC.I2C4Freq_Value=120000000
RCC.IPParameters=ADCFreq_Value,AHB12Freq_Value,AHB4Freq_Value,APB1Freq_Value,APB2Freq_Value,APB3Freq_Value,APB4Freq_Value,AXIClockFreq_Value,CECFreq_Value,CKPERFreq_Value,CKPERSourceSelection,CortexFreq_Value,CpuClockFreq_Value,D1CPREFreq_Value,D1PPRE,D2PPRE1,D2PPRE2,D3PPRE,DFSDMACLkFreq_Value,DFSDMFreq_Value,DIVM1,DIVM2,DIVN1,DIVN2,DIVP1Freq_Value,DIVP2Freq_Value,DIVP3Freq_Value,DIVQ1,DIVQ1Freq_Value,DIVQ2Freq_Value,DIVQ3Freq_Value,DIVR1Freq_Value,DIVR2Freq_Value,DIVR3Freq_Value,FDCANCLockSelection,FDCANFreq_Value,FMCFreq_Value,FamilyName,HCLK3ClockFreq_Value,HCLKFreq_Value,HPRE,HRTIMCLockSelection,HRTIMFreq_Value,HSE_VALUE,I2C123Freq_Value,I2C4Freq_Value,LPTIM1Freq_Value,LPTIM2Freq_Value,LPTIM345Freq_Value,LPUART1Freq_Value,LTDCFreq_Value,MCO1PinFreq_Value,MCO2PinFreq_Value,PLL1_VCI_Range-AdvancedSettings,PLL1_VCO_SEL-AdvancedSettings,PLL2FRACN,PLL2_VCI_Range-AdvancedSettings,PLL2_VCO_SEL-AdvancedSettings,PLL3FRACN,PLL3_VCI_Range-AdvancedSettings,PLL3_VCO_SEL-AdvancedSettings,PLLFRACN,PLLSourceVirtual,QSPIFreq_Value,RNGFreq_Value,RTCFreq_Value,SAI1Freq_Value,SAI23Freq_Value,SAI4AFreq_Value,SAI4BFreq_Value,SDMMCFreq_Value,SPDIFRXFreq_Value,SPI123Freq_Value,SPI45Freq_Value,SPI6Freq_Value,SWPMI1Freq_Value,SYSCLKFreq_VALUE,SYSCLKSource,Tim1Mul,Tim1OutputFreq_Value,Tim2OutputFreq_Value,TraceFreq_Value,USART16Freq_Value,USART234578Freq_Value,USBFreq_Value,VCO1OutputFreq_Value,VCO2OutputFreq_Value,VCO3OutputFreq_Value,VCOInput1Freq_Value,VCOInput2Freq_Value,VCOInput3Freq_Value
RCC.LPTIM1Freq_Value=120000000
RCC.LPTIM2Freq_Value=120000000
RCC.LPTIM345Freq_Value=120000000
RCC.LPUART1Freq_Value=120000000
RCC.LTDCFreq_Value=32250000
RCC.MCO1PinFreq_Value=64000000
RCC.MCO2PinFreq_Value=480000000
RCC.PLL1_VCI_Range-AdvancedSettings=RCC_PLL1VCIRANGE_0
RCC.PLL1_VCO_SEL-AdvancedSettings=RCC_PLL1VCOMEDIUM
RCC.PLL2FRACN=0
RCC.PLL2_VCI_Range-AdvancedSettings=RCC_PLL2VCIRANGE_0
RCC.PLL2_VCO_SEL-AdvancedSettings=RCC_PLL2VCOMEDIUM
RCC.PLL3FRACN=0
RCC.PLL3_VCI_Range-AdvancedSettings=RCC_PLL3VCIRANGE_0
RCC.PLL3_VCO_SEL-AdvancedSettings=RCC_PLL3VCOMEDIUM
RCC.PLLFRACN=0
RCC.PLLSourceVirtual=RCC_PLLSOURCE_HSE
RCC.QSPIFreq_Value=240000000
RCC.RNGFreq_Value=48000000
RCC.RTCFreq_Value=32000
RCC.SAI1Freq_Value=160000000
RCC.SAI23Freq_Value=160000000
RCC.SAI4AFreq_Value=160000000
RCC.SAI4BFreq_Value=160000000
RCC.SDMMCFreq_Value=160000000
RCC.SPDIFRXFreq_Value=160000000
RCC.SPI123Freq_Value=160000000
RCC.SPI45Freq_Value=120000000
RCC.SPI6Freq_Value=120000000
RCC.SWPMI1Freq_Value=120000000
RCC.SYSCLKFreq_VALUE=480000000
RCC.SYSCLKSource=RCC_SYSCLKSOURCE_PLLCLK
RCC.Tim1Mul=1
RCC.Tim1OutputFreq_Value=120000000
RCC.Tim2OutputFreq_Value=240000000
RCC.TraceFreq_Value=480000000
RCC.USART16Freq_Value=120000000
RCC.USART234578Freq_Value=120000000
RCC.USBFreq_Value=160000000
RCC.VCO1OutputFreq_Value=960000000
RCC.VCO2OutputFreq_Value=160000000
RCC.VCO3OutputFreq_Value=64500000
RCC.VCOInput1Freq_Value=16000000
RCC.VCOInput2Freq_Value=16000000
RCC.VCOInput3Freq_Value=500000
SH.ADCx_INP10.0=ADC1_INP10,IN10-Single-Ended
SH.ADCx_INP10.ConfNb=1
SH.ADCx_INP11.0=ADC2_INP11,IN11-Single-Ended
SH.ADCx_INP11.ConfNb=1
SH.ADCx_INP14.0=ADC1_INP14,IN14-Single-Ended
SH.ADCx_INP14.ConfNb=1
SH.ADCx_INP15.0=ADC2_INP15,IN15-Single-Ended
SH.ADCx_INP15.ConfNb=1
SH.ADCx_INP4.0=ADC2_INP4,IN4-Single-Ended
SH.ADCx_INP4.ConfNb=1
SH.GPXTI10.0=GPIO_EXTI10
SH.GPXTI10.ConfNb=1
SH.GPXTI8.0=GPIO_EXTI8
SH.GPXTI8.ConfNb=1
SH.GPXTI9.0=GPIO_EXTI9
SH.GPXTI9.ConfNb=1
SH.S_TIM1_CH1.0=TIM1_CH1,PWM Generation1 CH1 CH1N
SH.S_TIM1_CH1.ConfNb=1
SH.S_TIM1_CH2.0=TIM1_CH2,PWM Generation2 CH2 CH2N
SH.S_TIM1_CH2.ConfNb=1
SH.S_TIM1_CH3.0=TIM1_CH3,PWM Generation3 CH3 CH3N
SH.S_TIM1_CH3.ConfNb=1
SH.S_TIM2_CH4.0=TIM2_CH4,PWM Generation4 CH4
SH.S_TIM2_CH4.ConfNb=1
SH.S_TIM3_CH1.0=TIM3_CH1,Encoder_Interface
SH.S_TIM3_CH1.ConfNb=1
SH.S_TIM3_CH2.0=TIM3_CH2,Encoder_Interface
SH.S_TIM3_CH2.ConfNb=1
SH.S_TIM3_CH3.0=TIM3_CH3,Input_Capture3_from_TI3
SH.S_TIM3_CH3.ConfNb=1
SPI1.BaudRatePrescaler=SPI_BAUDRATEPRESCALER_16
SPI1.CLKPhase=SPI_PHASE_2EDGE
SPI1.CLKPolarity=SPI_POLARITY_HIGH
SPI1.CalculateBaudRate=10.0 MBits/s
SPI1.DataSize=SPI_DATASIZE_8BIT
SPI1.Direction=SPI_DIRECTION_2LINES
SPI1.IPParameters=VirtualType,Mode,Direction,BaudRatePrescaler,CalculateBaudRate,VirtualNSS,DataSize,CLKPhase,NSSPMode,CLKPolarity,MasterSSIdleness,MasterInterDataIdleness
SPI1.MasterInterDataIdleness=SPI_MASTER_INTERDATA_IDLENESS_01CYCLE
SPI1.MasterSSIdleness=SPI_MASTER_SS_IDLENESS_01CYCLE
SPI1.Mode=SPI_MODE_MASTER
SPI1.NSSPMode=SPI_NSS_PULSE_ENABLE
SPI1.VirtualNSS=VM_NSSHARD
SPI1.VirtualType=VM_MASTER
SPI2.BaudRatePrescaler=SPI_BAUDRATEPRESCALER_16
SPI2.CLKPhase=SPI_PHASE_2EDGE
SPI2.CLKPolarity=SPI_POLARITY_HIGH
SPI2.CalculateBaudRate=10.0 MBits/s
SPI2.DataSize=SPI_DATASIZE_8BIT
SPI2.Direction=SPI_DIRECTION_2LINES
SPI2.IPParameters=VirtualType,Mode,Direction,CalculateBaudRate,VirtualNSS,DataSize,BaudRatePrescaler,CLKPhase,NSSPMode,CLKPolarity,MasterSSIdleness,MasterInterDataIdleness
SPI2.MasterInterDataIdleness=SPI_MASTER_INTERDATA_IDLENESS_01CYCLE
SPI2.MasterSSIdleness=SPI_MASTER_SS_IDLENESS_01CYCLE
SPI2.Mode=SPI_MODE_MASTER
SPI2.NSSPMode=SPI_NSS_PULSE_ENABLE
SPI2.VirtualNSS=VM_NSSHARD
SPI2.VirtualType=VM_MASTER
SPI3.BaudRatePrescaler=SPI_BAUDRATEPRESCALER_32
SPI3.CLKPhase=SPI_PHASE_1EDGE
SPI3.CalculateBaudRate=5.0 MBits/s
SPI3.DataSize=SPI_DATASIZE_8BIT
SPI3.Direction=SPI_DIRECTION_2LINES
SPI3.IPParameters=VirtualType,Mode,Direction,CalculateBaudRate,DataSize,BaudRatePrescaler,CLKPhase,NSSPMode
SPI3.Mode=SPI_MODE_MASTER
SPI3.NSSPMode=SPI_NSS_PULSE_DISABLE
SPI3.VirtualType=VM_MASTER
SPI6.BaudRatePrescaler=SPI_BAUDRATEPRESCALER_32
SPI6.CLKPhase=SPI_PHASE_2EDGE
SPI6.CalculateBaudRate=3.75 MBits/s
SPI6.DataSize=SPI_DATASIZE_16BIT
SPI6.Direction=SPI_DIRECTION_2LINES
SPI6.IPParameters=VirtualType,Mode,Direction,CalculateBaudRate,BaudRatePrescaler,DataSize,CLKPhase,NSSPMode
SPI6.Mode=SPI_MODE_MASTER
SPI6.NSSPMode=SPI_NSS_PULSE_DISABLE
SPI6.VirtualType=VM_MASTER
TIM1.BreakFilter=8
TIM1.BreakPolarity=TIM_BREAKPOLARITY_LOW
TIM1.BreakState=TIM_BREAK_ENABLE
TIM1.Channel-PWM\ Generation1\ CH1\ CH1N=TIM_CHANNEL_1
TIM1.Channel-PWM\ Generation2\ CH2\ CH2N=TIM_CHANNEL_2
TIM1.Channel-PWM\ Generation3\ CH3\ CH3N=TIM_CHANNEL_3
TIM1.Channel-PWM\ Generation4\ No\ Output=TIM_CHANNEL_4
TIM1.CounterMode=TIM_COUNTERMODE_CENTERALIGNED1
TIM1.DeadTime=25
TIM1.IPParameters=Channel-PWM Generation1 CH1 CH1N,Channel-PWM Generation2 CH2 CH2N,Channel-PWM Generation3 CH3 CH3N,CounterMode,Channel-PWM Generation4 No Output,Period,TIM_MasterSlaveMode,TIM_MasterOutputTrigger,BreakState,SourceBRKDigInput,BreakPolarity,BreakFilter,OffStateRunMode,OffStateIDLEMode,DeadTime,OCMode_PWM-PWM Generation1 CH1 CH1N,OCMode_PWM-PWM Generation2 CH2 CH2N,OCMode_PWM-PWM Generation3 CH3 CH3N,Pulse-PWM Generation1 CH1 CH1N,Pulse-PWM Generation2 CH2 CH2N,Pulse-PWM Generation3 CH3 CH3N,Pulse-PWM Generation4 No Output,OCMode_PWM-PWM Generation4 No Output
TIM1.OCMode_PWM-PWM\ Generation1\ CH1\ CH1N=TIM_OCMODE_PWM2
TIM1.OCMode_PWM-PWM\ Generation2\ CH2\ CH2N=TIM_OCMODE_PWM2
TIM1.OCMode_PWM-PWM\ Generation3\ CH3\ CH3N=TIM_OCMODE_PWM2
TIM1.OCMode_PWM-PWM\ Generation4\ No\ Output=TIM_OCMODE_PWM2
TIM1.OffStateIDLEMode=TIM_OSSI_ENABLE
TIM1.OffStateRunMode=TIM_OSSR_ENABLE
TIM1.Period=6000
TIM1.Pulse-PWM\ Generation1\ CH1\ CH1N=3000
TIM1.Pulse-PWM\ Generation2\ CH2\ CH2N=3000
TIM1.Pulse-PWM\ Generation3\ CH3\ CH3N=3000
TIM1.Pulse-PWM\ Generation4\ No\ Output=1
TIM1.SourceBRKDigInput=TIM_BREAKINPUTSOURCE_ENABLE
TIM1.TIM_MasterOutputTrigger=TIM_TRGO_OC4REF
TIM1.TIM_MasterSlaveMode=TIM_MASTERSLAVEMODE_ENABLE
TIM13.IPParameters=Prescaler,Period
TIM13.Period=1000-1
TIM13.Prescaler=240-1
TIM2.AutoReloadPreload=TIM_AUTORELOAD_PRELOAD_ENABLE
TIM2.Channel-PWM\ Generation4\ CH4=TIM_CHANNEL_4
TIM2.IPParameters=Channel-PWM Generation4 CH4,AutoReloadPreload,Period
TIM2.Period=12000-1
TIM3.Channel-Input_Capture3_from_TI3=TIM_CHANNEL_3
TIM3.EncoderMode=TIM_ENCODERMODE_TI12
TIM3.IPParameters=Channel-Input_Capture3_from_TI3,EncoderMode
TIM5.AutoReloadPreload=TIM_AUTORELOAD_PRELOAD_ENABLE
TIM5.IPParameters=Period,AutoReloadPreload
TIM5.Period=24000-1
TIM6.IPParameters=Prescaler,Period
TIM6.Period=1000-1
TIM6.Prescaler=240-1
TIM7.IPParameters=Prescaler,Period
TIM7.Period=1000-1
TIM7.Prescaler=240-1
UART4.BaudRate=2500000
UART4.IPParameters=BaudRate
UART8.BaudRate=2500000
UART8.IPParameters=BaudRate
USART1.IPParameters=VirtualMode-Synchronous
USART1.VirtualMode-Synchronous=VM_SYNC
USART2.BaudRate=921600
USART2.FIFOMode=FIFOMODE_DISABLE
USART2.IPParameters=VirtualMode-Asynchronous,VirtualMode-Hardware Flow Control (RS485),BaudRate,FIFOMode
USART2.VirtualMode-Asynchronous=VM_ASYNC
USART2.VirtualMode-Hardware\ Flow\ Control\ (RS485)=VM_ASYNC
VP_ADC3_TempSens_Input.Mode=IN-TempSens
VP_ADC3_TempSens_Input.Signal=ADC3_TempSens_Input
VP_CRC_VS_CRC.Mode=CRC_Activate
VP_CRC_VS_CRC.Signal=CRC_VS_CRC
VP_MEMORYMAP_VS_MEMORYMAP.Mode=CurAppReg
VP_MEMORYMAP_VS_MEMORYMAP.Signal=MEMORYMAP_VS_MEMORYMAP
VP_SYS_VS_Systick.Mode=SysTick
VP_SYS_VS_Systick.Signal=SYS_VS_Systick
VP_TIM13_VS_ClockSourceINT.Mode=Enable_Timer
VP_TIM13_VS_ClockSourceINT.Signal=TIM13_VS_ClockSourceINT
VP_TIM1_VS_ClockSourceINT.Mode=Internal
VP_TIM1_VS_ClockSourceINT.Signal=TIM1_VS_ClockSourceINT
VP_TIM1_VS_no_output4.Mode=PWM Generation4 No Output
VP_TIM1_VS_no_output4.Signal=TIM1_VS_no_output4
VP_TIM2_VS_ClockSourceINT.Mode=Internal
VP_TIM2_VS_ClockSourceINT.Signal=TIM2_VS_ClockSourceINT
VP_TIM5_VS_ClockSourceINT.Mode=Internal
VP_TIM5_VS_ClockSourceINT.Signal=TIM5_VS_ClockSourceINT
VP_TIM6_VS_ClockSourceINT.Mode=Enable_Timer
VP_TIM6_VS_ClockSourceINT.Signal=TIM6_VS_ClockSourceINT
VP_TIM7_VS_ClockSourceINT.Mode=Enable_Timer
VP_TIM7_VS_ClockSourceINT.Signal=TIM7_VS_ClockSourceINT
board=custom
